{
  "name": "ts-learn",
  "version": "1.0.0",
  "lockfileVersion": 1,
  "requires": true,
  "dependencies": {
    "@types/node": {
      "version": "18.11.5",
      "resolved": "http://nexus3.a.ynyxy.com.cn:8000/repository/npm-public/@types/node/-/node-18.11.5.tgz",
      "integrity": "sha512-3JRwhbjI+cHLAkUorhf8RnqUbFXajvzX4q6fMn5JwkgtuwfYtRQYI3u4V92vI6NJuTsbBQWWh3RZjFsuevyMGQ==",
      "dev": true
    }
  }
}
